PODS:
  - IGXMLReader (1.0.0)
  - Kiwi (2.3.1)

DEPENDENCIES:
  - IGXMLReader (from `../`)
  - Kiwi

EXTERNAL SOURCES:
  IGXMLReader:
    :path: "../"

SPEC CHECKSUMS:
  IGXMLReader: 46c3f097b37c9cd188e881541ac66cdad0689bc1
  Kiwi: f038a6c61f7a9e4d7766bff5717aa3b3fdb75f55

PODFILE CHECKSUM: 3602a43b53bb76b51e9a0ad79d12c1c3c2b45feb

COCOAPODS: 1.0.1
