PODS:
  - IGXMLReader (1.0.0)
  - Kiwi (2.4.0)

DEPENDENCIES:
  - IGXMLReader (from `../`)
  - Kiwi

EXTERNAL SOURCES:
  IGXMLReader:
    :path: "../"

SPEC CHECKSUMS:
  IGXMLReader: 46c3f097b37c9cd188e881541ac66cdad0689bc1
  Kiwi: f49c9d54b28917df5928fe44968a39ed198cb8a8

PODFILE CHECKSUM: f633421dfef67ef9f196333e0c280e4bfb17c815

COCOAPODS: 1.0.1
